
Microsoft Visual Studio Solution File, Format Version 12.00
Project("{FAE04EC0-301F-11D3-BF4B-00C04F79EFBC}") = "BankIndonesiaAssessment", "BankIndonesiaAssessment\BankIndonesiaAssessment.csproj", "{2976ACDC-DD2A-4FC9-AE42-EC31E652AA00}"
EndProject
Global
	GlobalSection(SolutionConfigurationPlatforms) = preSolution
		Debug|Any CPU = Debug|Any CPU
		Release|Any CPU = Release|Any CPU
	EndGlobalSection
	GlobalSection(ProjectConfigurationPlatforms) = postSolution
		{2976ACDC-DD2A-4FC9-AE42-EC31E652AA00}.Debug|Any CPU.ActiveCfg = Debug|Any CPU
		{2976ACDC-DD2A-4FC9-AE42-EC31E652AA00}.Debug|Any CPU.Build.0 = Debug|Any CPU
		{2976ACDC-DD2A-4FC9-AE42-EC31E652AA00}.Release|Any CPU.ActiveCfg = Release|Any CPU
		{2976ACDC-DD2A-4FC9-AE42-EC31E652AA00}.Release|Any CPU.Build.0 = Release|Any CPU
	EndGlobalSection
EndGlobal
